
Microsoft Visual Studio Solution File, Format Version 12.00
# Visual Studio Version 17
VisualStudioVersion = 17.4.33213.308
MinimumVisualStudioVersion = 10.0.40219.1
Project("{9A19103F-16F7-4668-BE54-9A1E7A4F7556}") = "DisplayOrder", "DisplayOrder.csproj", "{10FCA7C3-B521-4F4E-BC25-19C02A674DDF}"
EndProject
Global
	GlobalSection(SolutionConfigurationPlatforms) = preSolution
		Debug|Any CPU = Debug|Any CPU
		Release|Any CPU = Release|Any CPU
	EndGlobalSection
	GlobalSection(ProjectConfigurationPlatforms) = postSolution
		{10FCA7C3-B521-4F4E-BC25-19C02A674DDF}.Debug|Any CPU.ActiveCfg = Debug|Any CPU
		{10FCA7C3-B521-4F4E-BC25-19C02A674DDF}.Debug|Any CPU.Build.0 = Debug|Any CPU
		{10FCA7C3-B521-4F4E-BC25-19C02A674DDF}.Release|Any CPU.ActiveCfg = Release|Any CPU
		{10FCA7C3-B521-4F4E-BC25-19C02A674DDF}.Release|Any CPU.Build.0 = Release|Any CPU
	EndGlobalSection
	GlobalSection(SolutionProperties) = preSolution
		HideSolutionNode = FALSE
	EndGlobalSection
	GlobalSection(ExtensibilityGlobals) = postSolution
		SolutionGuid = {0EE514E9-6896-4998-9544-486F6610B679}
	EndGlobalSection
EndGlobal
